
Microsoft Visual Studio Solution File, Format Version 12.00
# Visual Studio Version 17
VisualStudioVersion = 17.12.35521.163
MinimumVisualStudioVersion = 10.0.40219.1
Project("{2150E333-8FDC-42A3-9474-1A3956D46DE8}") = "src", "src", "{6A21E31F-2238-4698-8179-D31DC1B7E95C}"
EndProject
Project("{2150E333-8FDC-42A3-9474-1A3956D46DE8}") = "test", "test", "{B440D8FE-5731-4FFE-8742-1EF192466B7C}"
EndProject
Project("{9A19103F-16F7-4668-BE54-9A1E7A4F7556}") = "Mediateca.Application", "Mediateca.Application\Mediateca.Application.csproj", "{782607C8-39A0-4AD4-ADCB-0F89C45CF02F}"
EndProject
Project("{9A19103F-16F7-4668-BE54-9A1E7A4F7556}") = "Mediateca.Application.Contracts", "Mediateca.Application.Contracts\Mediateca.Application.Contracts.csproj", "{DE755A10-584A-467F-8899-CF68AF7404BD}"
EndProject
Project("{9A19103F-16F7-4668-BE54-9A1E7A4F7556}") = "Mediateca.Domain", "Mediateca.Domain\Mediateca.Domain.csproj", "{06B91318-D475-44EC-9614-7C5694806B33}"
EndProject
Project("{9A19103F-16F7-4668-BE54-9A1E7A4F7556}") = "Mediateca.Domain.Tests", "Mediateca.Domain.Tests\Mediateca.Domain.Tests.csproj", "{C68B480D-7A0A-4073-9646-E76021EA34D9}"
EndProject
Project("{9A19103F-16F7-4668-BE54-9A1E7A4F7556}") = "Mediateca.Infractructure.EfCore", "Mediateca.Infractructure.EfCore\Mediateca.Infractructure.EfCore.csproj", "{830DD879-4BC6-47D7-A65B-7538F056E54B}"
EndProject
Project("{9A19103F-16F7-4668-BE54-9A1E7A4F7556}") = "Mediateca.Server", "Mediateca.Server\Mediateca.Server.csproj", "{93E97DEF-200A-4480-95EE-404198DC3988}"
EndProject
Global
	GlobalSection(SolutionConfigurationPlatforms) = preSolution
		Debug|Any CPU = Debug|Any CPU
		Release|Any CPU = Release|Any CPU
	EndGlobalSection
	GlobalSection(ProjectConfigurationPlatforms) = postSolution
		{782607C8-39A0-4AD4-ADCB-0F89C45CF02F}.Debug|Any CPU.ActiveCfg = Debug|Any CPU
		{782607C8-39A0-4AD4-ADCB-0F89C45CF02F}.Debug|Any CPU.Build.0 = Debug|Any CPU
		{782607C8-39A0-4AD4-ADCB-0F89C45CF02F}.Release|Any CPU.ActiveCfg = Release|Any CPU
		{782607C8-39A0-4AD4-ADCB-0F89C45CF02F}.Release|Any CPU.Build.0 = Release|Any CPU
		{DE755A10-584A-467F-8899-CF68AF7404BD}.Debug|Any CPU.ActiveCfg = Debug|Any CPU
		{DE755A10-584A-467F-8899-CF68AF7404BD}.Debug|Any CPU.Build.0 = Debug|Any CPU
		{DE755A10-584A-467F-8899-CF68AF7404BD}.Release|Any CPU.ActiveCfg = Release|Any CPU
		{DE755A10-584A-467F-8899-CF68AF7404BD}.Release|Any CPU.Build.0 = Release|Any CPU
		{06B91318-D475-44EC-9614-7C5694806B33}.Debug|Any CPU.ActiveCfg = Debug|Any CPU
		{06B91318-D475-44EC-9614-7C5694806B33}.Debug|Any CPU.Build.0 = Debug|Any CPU
		{06B91318-D475-44EC-9614-7C5694806B33}.Release|Any CPU.ActiveCfg = Release|Any CPU
		{06B91318-D475-44EC-9614-7C5694806B33}.Release|Any CPU.Build.0 = Release|Any CPU
		{C68B480D-7A0A-4073-9646-E76021EA34D9}.Debug|Any CPU.ActiveCfg = Debug|Any CPU
		{C68B480D-7A0A-4073-9646-E76021EA34D9}.Debug|Any CPU.Build.0 = Debug|Any CPU
		{C68B480D-7A0A-4073-9646-E76021EA34D9}.Release|Any CPU.ActiveCfg = Release|Any CPU
		{C68B480D-7A0A-4073-9646-E76021EA34D9}.Release|Any CPU.Build.0 = Release|Any CPU
		{830DD879-4BC6-47D7-A65B-7538F056E54B}.Debug|Any CPU.ActiveCfg = Debug|Any CPU
		{830DD879-4BC6-47D7-A65B-7538F056E54B}.Debug|Any CPU.Build.0 = Debug|Any CPU
		{830DD879-4BC6-47D7-A65B-7538F056E54B}.Release|Any CPU.ActiveCfg = Release|Any CPU
		{830DD879-4BC6-47D7-A65B-7538F056E54B}.Release|Any CPU.Build.0 = Release|Any CPU
		{93E97DEF-200A-4480-95EE-404198DC3988}.Debug|Any CPU.ActiveCfg = Debug|Any CPU
		{93E97DEF-200A-4480-95EE-404198DC3988}.Debug|Any CPU.Build.0 = Debug|Any CPU
		{93E97DEF-200A-4480-95EE-404198DC3988}.Release|Any CPU.ActiveCfg = Release|Any CPU
		{93E97DEF-200A-4480-95EE-404198DC3988}.Release|Any CPU.Build.0 = Release|Any CPU
	EndGlobalSection
	GlobalSection(SolutionProperties) = preSolution
		HideSolutionNode = FALSE
	EndGlobalSection
	GlobalSection(NestedProjects) = preSolution
		{782607C8-39A0-4AD4-ADCB-0F89C45CF02F} = {6A21E31F-2238-4698-8179-D31DC1B7E95C}
		{DE755A10-584A-467F-8899-CF68AF7404BD} = {6A21E31F-2238-4698-8179-D31DC1B7E95C}
		{06B91318-D475-44EC-9614-7C5694806B33} = {6A21E31F-2238-4698-8179-D31DC1B7E95C}
		{C68B480D-7A0A-4073-9646-E76021EA34D9} = {B440D8FE-5731-4FFE-8742-1EF192466B7C}
		{830DD879-4BC6-47D7-A65B-7538F056E54B} = {6A21E31F-2238-4698-8179-D31DC1B7E95C}
		{93E97DEF-200A-4480-95EE-404198DC3988} = {6A21E31F-2238-4698-8179-D31DC1B7E95C}
	EndGlobalSection
	GlobalSection(ExtensibilityGlobals) = postSolution
		SolutionGuid = {7D17807B-A203-4B0C-B699-9686405EE01F}
	EndGlobalSection
EndGlobal
